
Microsoft Visual Studio Solution File, Format Version 12.00
# Visual Studio Version 17
VisualStudioVersion = 17.3.32901.215
MinimumVisualStudioVersion = 10.0.40219.1
Project("{FAE04EC0-301F-11D3-BF4B-00C04F79EFBC}") = "Latihan Pemrograman 2", "Latihan Pemrograman 2\Latihan Pemrograman 2.csproj", "{E1043F95-8279-4225-8B8A-D63924AA9E68}"
EndProject
Global
	GlobalSection(SolutionConfigurationPlatforms) = preSolution
		Debug|Any CPU = Debug|Any CPU
		Release|Any CPU = Release|Any CPU
	EndGlobalSection
	GlobalSection(ProjectConfigurationPlatforms) = postSolution
		{E1043F95-8279-4225-8B8A-D63924AA9E68}.Debug|Any CPU.ActiveCfg = Debug|Any CPU
		{E1043F95-8279-4225-8B8A-D63924AA9E68}.Debug|Any CPU.Build.0 = Debug|Any CPU
		{E1043F95-8279-4225-8B8A-D63924AA9E68}.Release|Any CPU.ActiveCfg = Release|Any CPU
		{E1043F95-8279-4225-8B8A-D63924AA9E68}.Release|Any CPU.Build.0 = Release|Any CPU
	EndGlobalSection
	GlobalSection(SolutionProperties) = preSolution
		HideSolutionNode = FALSE
	EndGlobalSection
	GlobalSection(ExtensibilityGlobals) = postSolution
		SolutionGuid = {06F66A9A-8BA0-4EE7-9CD3-679D2A3EF5AA}
	EndGlobalSection
EndGlobal
